
Microsoft Visual Studio Solution File, Format Version 12.00
# Visual Studio Version 17
VisualStudioVersion = 17.8.34316.72
MinimumVisualStudioVersion = 10.0.40219.1
Project("{FAE04EC0-301F-11D3-BF4B-00C04F79EFBC}") = "WebApplication3", "WebApplication3\WebApplication3.csproj", "{B3AB5D6E-DDC3-4820-BCF0-DF992E493B84}"
EndProject
Global
	GlobalSection(SolutionConfigurationPlatforms) = preSolution
		Debug|Any CPU = Debug|Any CPU
		Release|Any CPU = Release|Any CPU
	EndGlobalSection
	GlobalSection(ProjectConfigurationPlatforms) = postSolution
		{B3AB5D6E-DDC3-4820-BCF0-DF992E493B84}.Debug|Any CPU.ActiveCfg = Debug|Any CPU
		{B3AB5D6E-DDC3-4820-BCF0-DF992E493B84}.Debug|Any CPU.Build.0 = Debug|Any CPU
		{B3AB5D6E-DDC3-4820-BCF0-DF992E493B84}.Release|Any CPU.ActiveCfg = Release|Any CPU
		{B3AB5D6E-DDC3-4820-BCF0-DF992E493B84}.Release|Any CPU.Build.0 = Release|Any CPU
	EndGlobalSection
	GlobalSection(SolutionProperties) = preSolution
		HideSolutionNode = FALSE
	EndGlobalSection
	GlobalSection(ExtensibilityGlobals) = postSolution
		SolutionGuid = {A36307B7-81A6-42B4-9D3E-783DDE635BDD}
	EndGlobalSection
EndGlobal
